// !$*UTF8*$!
{
	archiveVersion = 1;
	classes = {
	};
	objectVersion = 52;
	objects = {

/* Begin PBXBuildFile section */
		DB3D02E0262B4280008CAD86 /* PhotoSearchFeedViewModel.swift in Sources */ = {isa = PBXBuildFile; fileRef = DB3D02DF262B4280008CAD86 /* PhotoSearchFeedViewModel.swift */; };
		DB642740262B2DB50021545A /* FlickrProjectApp.swift in Sources */ = {isa = PBXBuildFile; fileRef = DB64273F262B2DB50021545A /* FlickrProjectApp.swift */; };
		DB642742262B2DB50021545A /* ContentView.swift in Sources */ = {isa = PBXBuildFile; fileRef = DB642741262B2DB50021545A /* ContentView.swift */; };
		DB642744262B2DB60021545A /* Assets.xcassets in Resources */ = {isa = PBXBuildFile; fileRef = DB642743262B2DB60021545A /* Assets.xcassets */; };
		DB642747262B2DB60021545A /* Preview Assets.xcassets in Resources */ = {isa = PBXBuildFile; fileRef = DB642746262B2DB60021545A /* Preview Assets.xcassets */; };
		DB642752262B2DB70021545A /* PhotoDataSourceTests.swift in Sources */ = {isa = PBXBuildFile; fileRef = DB642751262B2DB70021545A /* PhotoDataSourceTests.swift */; };
		DB64275D262B2DB70021545A /* FlickrProjectUITests.swift in Sources */ = {isa = PBXBuildFile; fileRef = DB64275C262B2DB70021545A /* FlickrProjectUITests.swift */; };
		DB642772262B338D0021545A /* Alamofire in Frameworks */ = {isa = PBXBuildFile; productRef = DB642771262B338D0021545A /* Alamofire */; };
		DB642782262B372C0021545A /* PhotoSearchFeedView.swift in Sources */ = {isa = PBXBuildFile; fileRef = DB642776262B35370021545A /* PhotoSearchFeedView.swift */; };
		DB642787262B3CCF0021545A /* SearchBarUIRepresentable.swift in Sources */ = {isa = PBXBuildFile; fileRef = DB642786262B3CCF0021545A /* SearchBarUIRepresentable.swift */; };
		DB65F0462630C54F009C120D /* XCTest+Extension.swift in Sources */ = {isa = PBXBuildFile; fileRef = DB65F0452630C54F009C120D /* XCTest+Extension.swift */; };
		DB65F04B2630C57E009C120D /* TestUtils.swift in Sources */ = {isa = PBXBuildFile; fileRef = DB65F04A2630C57E009C120D /* TestUtils.swift */; };
		DBA4F9DA262DF9980012BEA9 /* UserDefault.swift in Sources */ = {isa = PBXBuildFile; fileRef = DBA4F9D9262DF9980012BEA9 /* UserDefault.swift */; };
		DBB67689262B499D0002DC62 /* SwiftExtensions.swift in Sources */ = {isa = PBXBuildFile; fileRef = DBB67688262B499D0002DC62 /* SwiftExtensions.swift */; };
		DBB67693262C84B50002DC62 /* ImageAPIClient.swift in Sources */ = {isa = PBXBuildFile; fileRef = DBB67692262C84B50002DC62 /* ImageAPIClient.swift */; };
		DBB67698262C84D20002DC62 /* ImageDataLoader.swift in Sources */ = {isa = PBXBuildFile; fileRef = DBB67697262C84D20002DC62 /* ImageDataLoader.swift */; };
		DBB6769D262C84EC0002DC62 /* AsyncOperation.swift in Sources */ = {isa = PBXBuildFile; fileRef = DBB6769C262C84EC0002DC62 /* AsyncOperation.swift */; };
		DBB676A2262C85220002DC62 /* ImageDownloadOperation.swift in Sources */ = {isa = PBXBuildFile; fileRef = DBB676A1262C85220002DC62 /* ImageDownloadOperation.swift */; };
		DBB676A8262C893B0002DC62 /* FlickrSearchAPIClient.swift in Sources */ = {isa = PBXBuildFile; fileRef = DBB676A7262C893B0002DC62 /* FlickrSearchAPIClient.swift */; };
		DBB676B9262C93250002DC62 /* FlickrAPI.swift in Sources */ = {isa = PBXBuildFile; fileRef = DBB676B8262C93250002DC62 /* FlickrAPI.swift */; };
		DBB676BE262CA1530002DC62 /* FlickrAPI+Alamofire.swift in Sources */ = {isa = PBXBuildFile; fileRef = DBB676BD262CA1530002DC62 /* FlickrAPI+Alamofire.swift */; };
		DBB676C3262CAC6C0002DC62 /* PhotoPageModel.swift in Sources */ = {isa = PBXBuildFile; fileRef = DBB676C2262CAC6C0002DC62 /* PhotoPageModel.swift */; };
		DBB676C8262CAC900002DC62 /* PhotoModel.swift in Sources */ = {isa = PBXBuildFile; fileRef = DBB676C7262CAC900002DC62 /* PhotoModel.swift */; };
		DBB676CD262CAE1C0002DC62 /* FlickrAPIClientProtocol.swift in Sources */ = {isa = PBXBuildFile; fileRef = DBB676CC262CAE1C0002DC62 /* FlickrAPIClientProtocol.swift */; };
		DBB676D2262CBB070002DC62 /* PhotoViewModel.swift in Sources */ = {isa = PBXBuildFile; fileRef = DBB676D1262CBB070002DC62 /* PhotoViewModel.swift */; };
		DBB676D7262CBB200002DC62 /* PhotoRowView.swift in Sources */ = {isa = PBXBuildFile; fileRef = DBB676D6262CBB200002DC62 /* PhotoRowView.swift */; };
		DBB676DC262CBB330002DC62 /* PhotoDetailView.swift in Sources */ = {isa = PBXBuildFile; fileRef = DBB676DB262CBB330002DC62 /* PhotoDetailView.swift */; };
		DBB676ED262CE4460002DC62 /* PhotoView.swift in Sources */ = {isa = PBXBuildFile; fileRef = DBB676EC262CE4460002DC62 /* PhotoView.swift */; };
		DBFAB4F5262E083F006FB746 /* PhotoDataSource.swift in Sources */ = {isa = PBXBuildFile; fileRef = DBFAB4F4262E083F006FB746 /* PhotoDataSource.swift */; };
		DBFAB4FA262E0860006FB746 /* PhotoGridView.swift in Sources */ = {isa = PBXBuildFile; fileRef = DBFAB4F9262E0860006FB746 /* PhotoGridView.swift */; };
/* End PBXBuildFile section */

/* Begin PBXContainerItemProxy section */
		DB64274E262B2DB60021545A /* PBXContainerItemProxy */ = {
			isa = PBXContainerItemProxy;
			containerPortal = DB642734262B2DB50021545A /* Project object */;
			proxyType = 1;
			remoteGlobalIDString = DB64273B262B2DB50021545A;
			remoteInfo = FlickrProject;
		};
		DB642759262B2DB70021545A /* PBXContainerItemProxy */ = {
			isa = PBXContainerItemProxy;
			containerPortal = DB642734262B2DB50021545A /* Project object */;
			proxyType = 1;
			remoteGlobalIDString = DB64273B262B2DB50021545A;
			remoteInfo = FlickrProject;
		};
/* End PBXContainerItemProxy section */

/* Begin PBXFileReference section */
		DB3D02DF262B4280008CAD86 /* PhotoSearchFeedViewModel.swift */ = {isa = PBXFileReference; lastKnownFileType = sourcecode.swift; path = PhotoSearchFeedViewModel.swift; sourceTree = "<group>"; };
		DB64273C262B2DB50021545A /* FlickrProject.app */ = {isa = PBXFileReference; explicitFileType = wrapper.application; includeInIndex = 0; path = FlickrProject.app; sourceTree = BUILT_PRODUCTS_DIR; };
		DB64273F262B2DB50021545A /* FlickrProjectApp.swift */ = {isa = PBXFileReference; lastKnownFileType = sourcecode.swift; path = FlickrProjectApp.swift; sourceTree = "<group>"; };
		DB642741262B2DB50021545A /* ContentView.swift */ = {isa = PBXFileReference; lastKnownFileType = sourcecode.swift; path = ContentView.swift; sourceTree = "<group>"; };
		DB642743262B2DB60021545A /* Assets.xcassets */ = {isa = PBXFileReference; lastKnownFileType = folder.assetcatalog; path = Assets.xcassets; sourceTree = "<group>"; };
		DB642746262B2DB60021545A /* Preview Assets.xcassets */ = {isa = PBXFileReference; lastKnownFileType = folder.assetcatalog; path = "Preview Assets.xcassets"; sourceTree = "<group>"; };
		DB642748262B2DB60021545A /* Info.plist */ = {isa = PBXFileReference; lastKnownFileType = text.plist.xml; path = Info.plist; sourceTree = "<group>"; };
		DB64274D262B2DB60021545A /* FlickrProjectTests.xctest */ = {isa = PBXFileReference; explicitFileType = wrapper.cfbundle; includeInIndex = 0; path = FlickrProjectTests.xctest; sourceTree = BUILT_PRODUCTS_DIR; };
		DB642751262B2DB70021545A /* PhotoDataSourceTests.swift */ = {isa = PBXFileReference; lastKnownFileType = sourcecode.swift; path = PhotoDataSourceTests.swift; sourceTree = "<group>"; };
		DB642753262B2DB70021545A /* Info.plist */ = {isa = PBXFileReference; lastKnownFileType = text.plist.xml; path = Info.plist; sourceTree = "<group>"; };
		DB642758262B2DB70021545A /* FlickrProjectUITests.xctest */ = {isa = PBXFileReference; explicitFileType = wrapper.cfbundle; includeInIndex = 0; path = FlickrProjectUITests.xctest; sourceTree = BUILT_PRODUCTS_DIR; };
		DB64275C262B2DB70021545A /* FlickrProjectUITests.swift */ = {isa = PBXFileReference; lastKnownFileType = sourcecode.swift; path = FlickrProjectUITests.swift; sourceTree = "<group>"; };
		DB64275E262B2DB70021545A /* Info.plist */ = {isa = PBXFileReference; lastKnownFileType = text.plist.xml; path = Info.plist; sourceTree = "<group>"; };
		DB642776262B35370021545A /* PhotoSearchFeedView.swift */ = {isa = PBXFileReference; lastKnownFileType = sourcecode.swift; path = PhotoSearchFeedView.swift; sourceTree = "<group>"; };
		DB642786262B3CCF0021545A /* SearchBarUIRepresentable.swift */ = {isa = PBXFileReference; lastKnownFileType = sourcecode.swift; path = SearchBarUIRepresentable.swift; sourceTree = "<group>"; };
		DB65F0452630C54F009C120D /* XCTest+Extension.swift */ = {isa = PBXFileReference; lastKnownFileType = sourcecode.swift; path = "XCTest+Extension.swift"; sourceTree = "<group>"; };
		DB65F04A2630C57E009C120D /* TestUtils.swift */ = {isa = PBXFileReference; lastKnownFileType = sourcecode.swift; path = TestUtils.swift; sourceTree = "<group>"; };
		DBA4F9D9262DF9980012BEA9 /* UserDefault.swift */ = {isa = PBXFileReference; lastKnownFileType = sourcecode.swift; path = UserDefault.swift; sourceTree = "<group>"; };
		DBB67688262B499D0002DC62 /* SwiftExtensions.swift */ = {isa = PBXFileReference; lastKnownFileType = sourcecode.swift; path = SwiftExtensions.swift; sourceTree = "<group>"; };
		DBB67692262C84B50002DC62 /* ImageAPIClient.swift */ = {isa = PBXFileReference; lastKnownFileType = sourcecode.swift; path = ImageAPIClient.swift; sourceTree = "<group>"; };
		DBB67697262C84D20002DC62 /* ImageDataLoader.swift */ = {isa = PBXFileReference; lastKnownFileType = sourcecode.swift; path = ImageDataLoader.swift; sourceTree = "<group>"; };
		DBB6769C262C84EC0002DC62 /* AsyncOperation.swift */ = {isa = PBXFileReference; lastKnownFileType = sourcecode.swift; path = AsyncOperation.swift; sourceTree = "<group>"; };
		DBB676A1262C85220002DC62 /* ImageDownloadOperation.swift */ = {isa = PBXFileReference; lastKnownFileType = sourcecode.swift; path = ImageDownloadOperation.swift; sourceTree = "<group>"; };
		DBB676A7262C893B0002DC62 /* FlickrSearchAPIClient.swift */ = {isa = PBXFileReference; lastKnownFileType = sourcecode.swift; path = FlickrSearchAPIClient.swift; sourceTree = "<group>"; };
		DBB676B8262C93250002DC62 /* FlickrAPI.swift */ = {isa = PBXFileReference; lastKnownFileType = sourcecode.swift; path = FlickrAPI.swift; sourceTree = "<group>"; };
		DBB676BD262CA1530002DC62 /* FlickrAPI+Alamofire.swift */ = {isa = PBXFileReference; lastKnownFileType = sourcecode.swift; path = "FlickrAPI+Alamofire.swift"; sourceTree = "<group>"; };
		DBB676C2262CAC6C0002DC62 /* PhotoPageModel.swift */ = {isa = PBXFileReference; lastKnownFileType = sourcecode.swift; path = PhotoPageModel.swift; sourceTree = "<group>"; };
		DBB676C7262CAC900002DC62 /* PhotoModel.swift */ = {isa = PBXFileReference; lastKnownFileType = sourcecode.swift; path = PhotoModel.swift; sourceTree = "<group>"; };
		DBB676CC262CAE1C0002DC62 /* FlickrAPIClientProtocol.swift */ = {isa = PBXFileReference; lastKnownFileType = sourcecode.swift; path = FlickrAPIClientProtocol.swift; sourceTree = "<group>"; };
		DBB676D1262CBB070002DC62 /* PhotoViewModel.swift */ = {isa = PBXFileReference; lastKnownFileType = sourcecode.swift; path = PhotoViewModel.swift; sourceTree = "<group>"; };
		DBB676D6262CBB200002DC62 /* PhotoRowView.swift */ = {isa = PBXFileReference; lastKnownFileType = sourcecode.swift; path = PhotoRowView.swift; sourceTree = "<group>"; };
		DBB676DB262CBB330002DC62 /* PhotoDetailView.swift */ = {isa = PBXFileReference; lastKnownFileType = sourcecode.swift; path = PhotoDetailView.swift; sourceTree = "<group>"; };
		DBB676EC262CE4460002DC62 /* PhotoView.swift */ = {isa = PBXFileReference; lastKnownFileType = sourcecode.swift; path = PhotoView.swift; sourceTree = "<group>"; };
		DBFAB4F4262E083F006FB746 /* PhotoDataSource.swift */ = {isa = PBXFileReference; lastKnownFileType = sourcecode.swift; path = PhotoDataSource.swift; sourceTree = "<group>"; };
		DBFAB4F9262E0860006FB746 /* PhotoGridView.swift */ = {isa = PBXFileReference; lastKnownFileType = sourcecode.swift; path = PhotoGridView.swift; sourceTree = "<group>"; };
/* End PBXFileReference section */

/* Begin PBXFrameworksBuildPhase section */
		DB642739262B2DB50021545A /* Frameworks */ = {
			isa = PBXFrameworksBuildPhase;
			buildActionMask = 2147483647;
			files = (
				DB642772262B338D0021545A /* Alamofire in Frameworks */,
			);
			runOnlyForDeploymentPostprocessing = 0;
		};
		DB64274A262B2DB60021545A /* Frameworks */ = {
			isa = PBXFrameworksBuildPhase;
			buildActionMask = 2147483647;
			files = (
			);
			runOnlyForDeploymentPostprocessing = 0;
		};
		DB642755262B2DB70021545A /* Frameworks */ = {
			isa = PBXFrameworksBuildPhase;
			buildActionMask = 2147483647;
			files = (
			);
			runOnlyForDeploymentPostprocessing = 0;
		};
/* End PBXFrameworksBuildPhase section */

/* Begin PBXGroup section */
		DB642733262B2DB50021545A = {
			isa = PBXGroup;
			children = (
				DB64273E262B2DB50021545A /* FlickrProject */,
				DB642750262B2DB60021545A /* FlickrProjectTests */,
				DB64275B262B2DB70021545A /* FlickrProjectUITests */,
				DB64273D262B2DB50021545A /* Products */,
			);
			sourceTree = "<group>";
		};
		DB64273D262B2DB50021545A /* Products */ = {
			isa = PBXGroup;
			children = (
				DB64273C262B2DB50021545A /* FlickrProject.app */,
				DB64274D262B2DB60021545A /* FlickrProjectTests.xctest */,
				DB642758262B2DB70021545A /* FlickrProjectUITests.xctest */,
			);
			name = Products;
			sourceTree = "<group>";
		};
		DB64273E262B2DB50021545A /* FlickrProject */ = {
			isa = PBXGroup;
			children = (
				DB64277B262B35460021545A /* PhotoSearchFeature */,
				DBB676A6262C889F0002DC62 /* FlickrSearchAPI */,
				DBB67691262C81CC0002DC62 /* ImageLoader */,
				DB64278B262B3CD40021545A /* UI */,
				DBB6768D262B49BE0002DC62 /* Utils */,
				DB64273F262B2DB50021545A /* FlickrProjectApp.swift */,
				DB642741262B2DB50021545A /* ContentView.swift */,
				DB642743262B2DB60021545A /* Assets.xcassets */,
				DB642748262B2DB60021545A /* Info.plist */,
				DB642745262B2DB60021545A /* Preview Content */,
			);
			path = FlickrProject;
			sourceTree = "<group>";
		};
		DB642745262B2DB60021545A /* Preview Content */ = {
			isa = PBXGroup;
			children = (
				DB642746262B2DB60021545A /* Preview Assets.xcassets */,
			);
			path = "Preview Content";
			sourceTree = "<group>";
		};
		DB642750262B2DB60021545A /* FlickrProjectTests */ = {
			isa = PBXGroup;
			children = (
				DB642751262B2DB70021545A /* PhotoDataSourceTests.swift */,
				DB642753262B2DB70021545A /* Info.plist */,
				DB65F0452630C54F009C120D /* XCTest+Extension.swift */,
				DB65F04A2630C57E009C120D /* TestUtils.swift */,
			);
			path = FlickrProjectTests;
			sourceTree = "<group>";
		};
		DB64275B262B2DB70021545A /* FlickrProjectUITests */ = {
			isa = PBXGroup;
			children = (
				DB64275C262B2DB70021545A /* FlickrProjectUITests.swift */,
				DB64275E262B2DB70021545A /* Info.plist */,
			);
			path = FlickrProjectUITests;
			sourceTree = "<group>";
		};
		DB64277B262B35460021545A /* PhotoSearchFeature */ = {
			isa = PBXGroup;
			children = (
				DBFAB502262E08CA006FB746 /* Views */,
				DBFAB4FE262E0897006FB746 /* Logic */,
			);
			path = PhotoSearchFeature;
			sourceTree = "<group>";
		};
		DB64278B262B3CD40021545A /* UI */ = {
			isa = PBXGroup;
			children = (
				DB642786262B3CCF0021545A /* SearchBarUIRepresentable.swift */,
			);
			path = UI;
			sourceTree = "<group>";
		};
		DBB6768D262B49BE0002DC62 /* Utils */ = {
			isa = PBXGroup;
			children = (
				DBB67688262B499D0002DC62 /* SwiftExtensions.swift */,
				DBA4F9D9262DF9980012BEA9 /* UserDefault.swift */,
			);
			path = Utils;
			sourceTree = "<group>";
		};
		DBB67691262C81CC0002DC62 /* ImageLoader */ = {
			isa = PBXGroup;
			children = (
				DBB67692262C84B50002DC62 /* ImageAPIClient.swift */,
				DBB67697262C84D20002DC62 /* ImageDataLoader.swift */,
				DBB6769C262C84EC0002DC62 /* AsyncOperation.swift */,
				DBB676A1262C85220002DC62 /* ImageDownloadOperation.swift */,
			);
			path = ImageLoader;
			sourceTree = "<group>";
		};
		DBB676A6262C889F0002DC62 /* FlickrSearchAPI */ = {
			isa = PBXGroup;
			children = (
				DBB676B8262C93250002DC62 /* FlickrAPI.swift */,
				DBB676BD262CA1530002DC62 /* FlickrAPI+Alamofire.swift */,
				DBB676A7262C893B0002DC62 /* FlickrSearchAPIClient.swift */,
				DBB676CC262CAE1C0002DC62 /* FlickrAPIClientProtocol.swift */,
			);
			path = FlickrSearchAPI;
			sourceTree = "<group>";
		};
		DBFAB4FE262E0897006FB746 /* Logic */ = {
			isa = PBXGroup;
			children = (
				DBB676C7262CAC900002DC62 /* PhotoModel.swift */,
				DBB676C2262CAC6C0002DC62 /* PhotoPageModel.swift */,
				DBB676D1262CBB070002DC62 /* PhotoViewModel.swift */,
				DBFAB4F4262E083F006FB746 /* PhotoDataSource.swift */,
				DB3D02DF262B4280008CAD86 /* PhotoSearchFeedViewModel.swift */,
			);
			path = Logic;
			sourceTree = "<group>";
		};
		DBFAB502262E08CA006FB746 /* Views */ = {
			isa = PBXGroup;
			children = (
				DB642776262B35370021545A /* PhotoSearchFeedView.swift */,
				DBFAB4F9262E0860006FB746 /* PhotoGridView.swift */,
				DBB676D6262CBB200002DC62 /* PhotoRowView.swift */,
				DBB676DB262CBB330002DC62 /* PhotoDetailView.swift */,
				DBB676EC262CE4460002DC62 /* PhotoView.swift */,
			);
			path = Views;
			sourceTree = "<group>";
		};
/* End PBXGroup section */

/* Begin PBXNativeTarget section */
		DB64273B262B2DB50021545A /* FlickrProject */ = {
			isa = PBXNativeTarget;
			buildConfigurationList = DB642761262B2DB70021545A /* Build configuration list for PBXNativeTarget "FlickrProject" */;
			buildPhases = (
				DB642738262B2DB50021545A /* Sources */,
				DB642739262B2DB50021545A /* Frameworks */,
				DB64273A262B2DB50021545A /* Resources */,
			);
			buildRules = (
			);
			dependencies = (
			);
			name = FlickrProject;
			packageProductDependencies = (
				DB642771262B338D0021545A /* Alamofire */,
			);
			productName = FlickrProject;
			productReference = DB64273C262B2DB50021545A /* FlickrProject.app */;
			productType = "com.apple.product-type.application";
		};
		DB64274C262B2DB60021545A /* FlickrProjectTests */ = {
			isa = PBXNativeTarget;
			buildConfigurationList = DB642764262B2DB70021545A /* Build configuration list for PBXNativeTarget "FlickrProjectTests" */;
			buildPhases = (
				DB642749262B2DB60021545A /* Sources */,
				DB64274A262B2DB60021545A /* Frameworks */,
				DB64274B262B2DB60021545A /* Resources */,
			);
			buildRules = (
			);
			dependencies = (
				DB64274F262B2DB60021545A /* PBXTargetDependency */,
			);
			name = FlickrProjectTests;
			productName = FlickrProjectTests;
			productReference = DB64274D262B2DB60021545A /* FlickrProjectTests.xctest */;
			productType = "com.apple.product-type.bundle.unit-test";
		};
		DB642757262B2DB70021545A /* FlickrProjectUITests */ = {
			isa = PBXNativeTarget;
			buildConfigurationList = DB642767262B2DB70021545A /* Build configuration list for PBXNativeTarget "FlickrProjectUITests" */;
			buildPhases = (
				DB642754262B2DB70021545A /* Sources */,
				DB642755262B2DB70021545A /* Frameworks */,
				DB642756262B2DB70021545A /* Resources */,
			);
			buildRules = (
			);
			dependencies = (
				DB64275A262B2DB70021545A /* PBXTargetDependency */,
			);
			name = FlickrProjectUITests;
			productName = FlickrProjectUITests;
			productReference = DB642758262B2DB70021545A /* FlickrProjectUITests.xctest */;
			productType = "com.apple.product-type.bundle.ui-testing";
		};
/* End PBXNativeTarget section */

/* Begin PBXProject section */
		DB642734262B2DB50021545A /* Project object */ = {
			isa = PBXProject;
			attributes = {
				LastSwiftUpdateCheck = 1240;
				LastUpgradeCheck = 1240;
				TargetAttributes = {
					DB64273B262B2DB50021545A = {
						CreatedOnToolsVersion = 12.4;
					};
					DB64274C262B2DB60021545A = {
						CreatedOnToolsVersion = 12.4;
						TestTargetID = DB64273B262B2DB50021545A;
					};
					DB642757262B2DB70021545A = {
						CreatedOnToolsVersion = 12.4;
						TestTargetID = DB64273B262B2DB50021545A;
					};
				};
			};
			buildConfigurationList = DB642737262B2DB50021545A /* Build configuration list for PBXProject "FlickrProject" */;
			compatibilityVersion = "Xcode 9.3";
			developmentRegion = en;
			hasScannedForEncodings = 0;
			knownRegions = (
				en,
				Base,
			);
			mainGroup = DB642733262B2DB50021545A;
			packageReferences = (
				DB642770262B338D0021545A /* XCRemoteSwiftPackageReference "Alamofire" */,
			);
			productRefGroup = DB64273D262B2DB50021545A /* Products */;
			projectDirPath = "";
			projectRoot = "";
			targets = (
				DB64273B262B2DB50021545A /* FlickrProject */,
				DB64274C262B2DB60021545A /* FlickrProjectTests */,
				DB642757262B2DB70021545A /* FlickrProjectUITests */,
			);
		};
/* End PBXProject section */

/* Begin PBXResourcesBuildPhase section */
		DB64273A262B2DB50021545A /* Resources */ = {
			isa = PBXResourcesBuildPhase;
			buildActionMask = 2147483647;
			files = (
				DB642747262B2DB60021545A /* Preview Assets.xcassets in Resources */,
				DB642744262B2DB60021545A /* Assets.xcassets in Resources */,
			);
			runOnlyForDeploymentPostprocessing = 0;
		};
		DB64274B262B2DB60021545A /* Resources */ = {
			isa = PBXResourcesBuildPhase;
			buildActionMask = 2147483647;
			files = (
			);
			runOnlyForDeploymentPostprocessing = 0;
		};
		DB642756262B2DB70021545A /* Resources */ = {
			isa = PBXResourcesBuildPhase;
			buildActionMask = 2147483647;
			files = (
			);
			runOnlyForDeploymentPostprocessing = 0;
		};
/* End PBXResourcesBuildPhase section */

/* Begin PBXSourcesBuildPhase section */
		DB642738262B2DB50021545A /* Sources */ = {
			isa = PBXSourcesBuildPhase;
			buildActionMask = 2147483647;
			files = (
				DBB676BE262CA1530002DC62 /* FlickrAPI+Alamofire.swift in Sources */,
				DB642742262B2DB50021545A /* ContentView.swift in Sources */,
				DB642740262B2DB50021545A /* FlickrProjectApp.swift in Sources */,
				DBB676ED262CE4460002DC62 /* PhotoView.swift in Sources */,
				DBB676C8262CAC900002DC62 /* PhotoModel.swift in Sources */,
				DBB676A8262C893B0002DC62 /* FlickrSearchAPIClient.swift in Sources */,
				DBB676B9262C93250002DC62 /* FlickrAPI.swift in Sources */,
				DBFAB4F5262E083F006FB746 /* PhotoDataSource.swift in Sources */,
				DBFAB4FA262E0860006FB746 /* PhotoGridView.swift in Sources */,
				DBB676D7262CBB200002DC62 /* PhotoRowView.swift in Sources */,
				DBA4F9DA262DF9980012BEA9 /* UserDefault.swift in Sources */,
				DBB676D2262CBB070002DC62 /* PhotoViewModel.swift in Sources */,
				DBB676C3262CAC6C0002DC62 /* PhotoPageModel.swift in Sources */,
				DB642787262B3CCF0021545A /* SearchBarUIRepresentable.swift in Sources */,
				DBB676A2262C85220002DC62 /* ImageDownloadOperation.swift in Sources */,
				DBB67693262C84B50002DC62 /* ImageAPIClient.swift in Sources */,
				DBB67698262C84D20002DC62 /* ImageDataLoader.swift in Sources */,
				DB642782262B372C0021545A /* PhotoSearchFeedView.swift in Sources */,
				DB3D02E0262B4280008CAD86 /* PhotoSearchFeedViewModel.swift in Sources */,
				DBB6769D262C84EC0002DC62 /* AsyncOperation.swift in Sources */,
				DBB676CD262CAE1C0002DC62 /* FlickrAPIClientProtocol.swift in Sources */,
				DBB67689262B499D0002DC62 /* SwiftExtensions.swift in Sources */,
				DBB676DC262CBB330002DC62 /* PhotoDetailView.swift in Sources */,
			);
			runOnlyForDeploymentPostprocessing = 0;
		};
		DB642749262B2DB60021545A /* Sources */ = {
			isa = PBXSourcesBuildPhase;
			buildActionMask = 2147483647;
			files = (
				DB65F0462630C54F009C120D /* XCTest+Extension.swift in Sources */,
				DB65F04B2630C57E009C120D /* TestUtils.swift in Sources */,
				DB642752262B2DB70021545A /* PhotoDataSourceTests.swift in Sources */,
			);
			runOnlyForDeploymentPostprocessing = 0;
		};
		DB642754262B2DB70021545A /* Sources */ = {
			isa = PBXSourcesBuildPhase;
			buildActionMask = 2147483647;
			files = (
				DB64275D262B2DB70021545A /* FlickrProjectUITests.swift in Sources */,
			);
			runOnlyForDeploymentPostprocessing = 0;
		};
/* End PBXSourcesBuildPhase section */

/* Begin PBXTargetDependency section */
		DB64274F262B2DB60021545A /* PBXTargetDependency */ = {
			isa = PBXTargetDependency;
			target = DB64273B262B2DB50021545A /* FlickrProject */;
			targetProxy = DB64274E262B2DB60021545A /* PBXContainerItemProxy */;
		};
		DB64275A262B2DB70021545A /* PBXTargetDependency */ = {
			isa = PBXTargetDependency;
			target = DB64273B262B2DB50021545A /* FlickrProject */;
			targetProxy = DB642759262B2DB70021545A /* PBXContainerItemProxy */;
		};
/* End PBXTargetDependency section */

/* Begin XCBuildConfiguration section */
		DB64275F262B2DB70021545A /* Debug */ = {
			isa = XCBuildConfiguration;
			buildSettings = {
				ALWAYS_SEARCH_USER_PATHS = NO;
				CLANG_ANALYZER_NONNULL = YES;
				CLANG_ANALYZER_NUMBER_OBJECT_CONVERSION = YES_AGGRESSIVE;
				CLANG_CXX_LANGUAGE_STANDARD = "gnu++14";
				CLANG_CXX_LIBRARY = "libc++";
				CLANG_ENABLE_MODULES = YES;
				CLANG_ENABLE_OBJC_ARC = YES;
				CLANG_ENABLE_OBJC_WEAK = YES;
				CLANG_WARN_BLOCK_CAPTURE_AUTORELEASING = YES;
				CLANG_WARN_BOOL_CONVERSION = YES;
				CLANG_WARN_COMMA = YES;
				CLANG_WARN_CONSTANT_CONVERSION = YES;
				CLANG_WARN_DEPRECATED_OBJC_IMPLEMENTATIONS = YES;
				CLANG_WARN_DIRECT_OBJC_ISA_USAGE = YES_ERROR;
				CLANG_WARN_DOCUMENTATION_COMMENTS = YES;
				CLANG_WARN_EMPTY_BODY = YES;
				CLANG_WARN_ENUM_CONVERSION = YES;
				CLANG_WARN_INFINITE_RECURSION = YES;
				CLANG_WARN_INT_CONVERSION = YES;
				CLANG_WARN_NON_LITERAL_NULL_CONVERSION = YES;
				CLANG_WARN_OBJC_IMPLICIT_RETAIN_SELF = YES;
				CLANG_WARN_OBJC_LITERAL_CONVERSION = YES;
				CLANG_WARN_OBJC_ROOT_CLASS = YES_ERROR;
				CLANG_WARN_QUOTED_INCLUDE_IN_FRAMEWORK_HEADER = YES;
				CLANG_WARN_RANGE_LOOP_ANALYSIS = YES;
				CLANG_WARN_STRICT_PROTOTYPES = YES;
				CLANG_WARN_SUSPICIOUS_MOVE = YES;
				CLANG_WARN_UNGUARDED_AVAILABILITY = YES_AGGRESSIVE;
				CLANG_WARN_UNREACHABLE_CODE = YES;
				CLANG_WARN__DUPLICATE_METHOD_MATCH = YES;
				COPY_PHASE_STRIP = NO;
				DEBUG_INFORMATION_FORMAT = dwarf;
				ENABLE_STRICT_OBJC_MSGSEND = YES;
				ENABLE_TESTABILITY = YES;
				GCC_C_LANGUAGE_STANDARD = gnu11;
				GCC_DYNAMIC_NO_PIC = NO;
				GCC_NO_COMMON_BLOCKS = YES;
				GCC_OPTIMIZATION_LEVEL = 0;
				GCC_PREPROCESSOR_DEFINITIONS = (
					"DEBUG=1",
					"$(inherited)",
				);
				GCC_WARN_64_TO_32_BIT_CONVERSION = YES;
				GCC_WARN_ABOUT_RETURN_TYPE = YES_ERROR;
				GCC_WARN_UNDECLARED_SELECTOR = YES;
				GCC_WARN_UNINITIALIZED_AUTOS = YES_AGGRESSIVE;
				GCC_WARN_UNUSED_FUNCTION = YES;
				GCC_WARN_UNUSED_VARIABLE = YES;
				IPHONEOS_DEPLOYMENT_TARGET = 14.4;
				MTL_ENABLE_DEBUG_INFO = INCLUDE_SOURCE;
				MTL_FAST_MATH = YES;
				ONLY_ACTIVE_ARCH = YES;
				SDKROOT = iphoneos;
				SWIFT_ACTIVE_COMPILATION_CONDITIONS = DEBUG;
				SWIFT_OPTIMIZATION_LEVEL = "-Onone";
			};
			name = Debug;
		};
		DB642760262B2DB70021545A /* Release */ = {
			isa = XCBuildConfiguration;
			buildSettings = {
				ALWAYS_SEARCH_USER_PATHS = NO;
				CLANG_ANALYZER_NONNULL = YES;
				CLANG_ANALYZER_NUMBER_OBJECT_CONVERSION = YES_AGGRESSIVE;
				CLANG_CXX_LANGUAGE_STANDARD = "gnu++14";
				CLANG_CXX_LIBRARY = "libc++";
				CLANG_ENABLE_MODULES = YES;
				CLANG_ENABLE_OBJC_ARC = YES;
				CLANG_ENABLE_OBJC_WEAK = YES;
				CLANG_WARN_BLOCK_CAPTURE_AUTORELEASING = YES;
				CLANG_WARN_BOOL_CONVERSION = YES;
				CLANG_WARN_COMMA = YES;
				CLANG_WARN_CONSTANT_CONVERSION = YES;
				CLANG_WARN_DEPRECATED_OBJC_IMPLEMENTATIONS = YES;
				CLANG_WARN_DIRECT_OBJC_ISA_USAGE = YES_ERROR;
				CLANG_WARN_DOCUMENTATION_COMMENTS = YES;
				CLANG_WARN_EMPTY_BODY = YES;
				CLANG_WARN_ENUM_CONVERSION = YES;
				CLANG_WARN_INFINITE_RECURSION = YES;
				CLANG_WARN_INT_CONVERSION = YES;
				CLANG_WARN_NON_LITERAL_NULL_CONVERSION = YES;
				CLANG_WARN_OBJC_IMPLICIT_RETAIN_SELF = YES;
				CLANG_WARN_OBJC_LITERAL_CONVERSION = YES;
				CLANG_WARN_OBJC_ROOT_CLASS = YES_ERROR;
				CLANG_WARN_QUOTED_INCLUDE_IN_FRAMEWORK_HEADER = YES;
				CLANG_WARN_RANGE_LOOP_ANALYSIS = YES;
				CLANG_WARN_STRICT_PROTOTYPES = YES;
				CLANG_WARN_SUSPICIOUS_MOVE = YES;
				CLANG_WARN_UNGUARDED_AVAILABILITY = YES_AGGRESSIVE;
				CLANG_WARN_UNREACHABLE_CODE = YES;
				CLANG_WARN__DUPLICATE_METHOD_MATCH = YES;
				COPY_PHASE_STRIP = NO;
				DEBUG_INFORMATION_FORMAT = "dwarf-with-dsym";
				ENABLE_NS_ASSERTIONS = NO;
				ENABLE_STRICT_OBJC_MSGSEND = YES;
				GCC_C_LANGUAGE_STANDARD = gnu11;
				GCC_NO_COMMON_BLOCKS = YES;
				GCC_WARN_64_TO_32_BIT_CONVERSION = YES;
				GCC_WARN_ABOUT_RETURN_TYPE = YES_ERROR;
				GCC_WARN_UNDECLARED_SELECTOR = YES;
				GCC_WARN_UNINITIALIZED_AUTOS = YES_AGGRESSIVE;
				GCC_WARN_UNUSED_FUNCTION = YES;
				GCC_WARN_UNUSED_VARIABLE = YES;
				IPHONEOS_DEPLOYMENT_TARGET = 14.4;
				MTL_ENABLE_DEBUG_INFO = NO;
				MTL_FAST_MATH = YES;
				SDKROOT = iphoneos;
				SWIFT_COMPILATION_MODE = wholemodule;
				SWIFT_OPTIMIZATION_LEVEL = "-O";
				VALIDATE_PRODUCT = YES;
			};
			name = Release;
		};
		DB642762262B2DB70021545A /* Debug */ = {
			isa = XCBuildConfiguration;
			buildSettings = {
				ASSETCATALOG_COMPILER_APPICON_NAME = AppIcon;
				ASSETCATALOG_COMPILER_GLOBAL_ACCENT_COLOR_NAME = AccentColor;
				CODE_SIGN_STYLE = Automatic;
				DEVELOPMENT_ASSET_PATHS = "\"FlickrProject/Preview Content\"";
				DEVELOPMENT_TEAM = 2M6MREMEHZ;
				ENABLE_PREVIEWS = YES;
				INFOPLIST_FILE = FlickrProject/Info.plist;
				IPHONEOS_DEPLOYMENT_TARGET = 14.0;
				LD_RUNPATH_SEARCH_PATHS = (
					"$(inherited)",
					"@executable_path/Frameworks",
				);
				PRODUCT_BUNDLE_IDENTIFIER = com.evelyne.random.FlickrProject;
				PRODUCT_NAME = "$(TARGET_NAME)";
				SWIFT_VERSION = 5.0;
				TARGETED_DEVICE_FAMILY = "1,2";
			};
			name = Debug;
		};
		DB642763262B2DB70021545A /* Release */ = {
			isa = XCBuildConfiguration;
			buildSettings = {
				ASSETCATALOG_COMPILER_APPICON_NAME = AppIcon;
				ASSETCATALOG_COMPILER_GLOBAL_ACCENT_COLOR_NAME = AccentColor;
				CODE_SIGN_STYLE = Automatic;
				DEVELOPMENT_ASSET_PATHS = "\"FlickrProject/Preview Content\"";
				DEVELOPMENT_TEAM = 2M6MREMEHZ;
				ENABLE_PREVIEWS = YES;
				INFOPLIST_FILE = FlickrProject/Info.plist;
				IPHONEOS_DEPLOYMENT_TARGET = 14.0;
				LD_RUNPATH_SEARCH_PATHS = (
					"$(inherited)",
					"@executable_path/Frameworks",
				);
				PRODUCT_BUNDLE_IDENTIFIER = com.evelyne.random.FlickrProject;
				PRODUCT_NAME = "$(TARGET_NAME)";
				SWIFT_VERSION = 5.0;
				TARGETED_DEVICE_FAMILY = "1,2";
			};
			name = Release;
		};
		DB642765262B2DB70021545A /* Debug */ = {
			isa = XCBuildConfiguration;
			buildSettings = {
				ALWAYS_EMBED_SWIFT_STANDARD_LIBRARIES = YES;
				BUNDLE_LOADER = "$(TEST_HOST)";
				CODE_SIGN_STYLE = Automatic;
				DEVELOPMENT_TEAM = 2M6MREMEHZ;
				INFOPLIST_FILE = FlickrProjectTests/Info.plist;
				IPHONEOS_DEPLOYMENT_TARGET = 14.0;
				LD_RUNPATH_SEARCH_PATHS = (
					"$(inherited)",
					"@executable_path/Frameworks",
					"@loader_path/Frameworks",
				);
				PRODUCT_BUNDLE_IDENTIFIER = com.evelyne.random.FlickrProjectTests;
				PRODUCT_NAME = "$(TARGET_NAME)";
				SWIFT_VERSION = 5.0;
				TARGETED_DEVICE_FAMILY = "1,2";
				TEST_HOST = "$(BUILT_PRODUCTS_DIR)/FlickrProject.app/FlickrProject";
			};
			name = Debug;
		};
		DB642766262B2DB70021545A /* Release */ = {
			isa = XCBuildConfiguration;
			buildSettings = {
				ALWAYS_EMBED_SWIFT_STANDARD_LIBRARIES = YES;
				BUNDLE_LOADER = "$(TEST_HOST)";
				CODE_SIGN_STYLE = Automatic;
				DEVELOPMENT_TEAM = 2M6MREMEHZ;
				INFOPLIST_FILE = FlickrProjectTests/Info.plist;
				IPHONEOS_DEPLOYMENT_TARGET = 14.0;
				LD_RUNPATH_SEARCH_PATHS = (
					"$(inherited)",
					"@executable_path/Frameworks",
					"@loader_path/Frameworks",
				);
				PRODUCT_BUNDLE_IDENTIFIER = com.evelyne.random.FlickrProjectTests;
				PRODUCT_NAME = "$(TARGET_NAME)";
				SWIFT_VERSION = 5.0;
				TARGETED_DEVICE_FAMILY = "1,2";
				TEST_HOST = "$(BUILT_PRODUCTS_DIR)/FlickrProject.app/FlickrProject";
			};
			name = Release;
		};
		DB642768262B2DB70021545A /* Debug */ = {
			isa = XCBuildConfiguration;
			buildSettings = {
				ALWAYS_EMBED_SWIFT_STANDARD_LIBRARIES = YES;
				CODE_SIGN_STYLE = Automatic;
				DEVELOPMENT_TEAM = 2M6MREMEHZ;
				INFOPLIST_FILE = FlickrProjectUITests/Info.plist;
				LD_RUNPATH_SEARCH_PATHS = (
					"$(inherited)",
					"@executable_path/Frameworks",
					"@loader_path/Frameworks",
				);
				PRODUCT_BUNDLE_IDENTIFIER = com.evelyne.random.FlickrProjectUITests;
				PRODUCT_NAME = "$(TARGET_NAME)";
				SWIFT_VERSION = 5.0;
				TARGETED_DEVICE_FAMILY = "1,2";
				TEST_TARGET_NAME = FlickrProject;
			};
			name = Debug;
		};
		DB642769262B2DB70021545A /* Release */ = {
			isa = XCBuildConfiguration;
			buildSettings = {
				ALWAYS_EMBED_SWIFT_STANDARD_LIBRARIES = YES;
				CODE_SIGN_STYLE = Automatic;
				DEVELOPMENT_TEAM = 2M6MREMEHZ;
				INFOPLIST_FILE = FlickrProjectUITests/Info.plist;
				LD_RUNPATH_SEARCH_PATHS = (
					"$(inherited)",
					"@executable_path/Frameworks",
					"@loader_path/Frameworks",
				);
				PRODUCT_BUNDLE_IDENTIFIER = com.evelyne.random.FlickrProjectUITests;
				PRODUCT_NAME = "$(TARGET_NAME)";
				SWIFT_VERSION = 5.0;
				TARGETED_DEVICE_FAMILY = "1,2";
				TEST_TARGET_NAME = FlickrProject;
			};
			name = Release;
		};
/* End XCBuildConfiguration section */

/* Begin XCConfigurationList section */
		DB642737262B2DB50021545A /* Build configuration list for PBXProject "FlickrProject" */ = {
			isa = XCConfigurationList;
			buildConfigurations = (
				DB64275F262B2DB70021545A /* Debug */,
				DB642760262B2DB70021545A /* Release */,
			);
			defaultConfigurationIsVisible = 0;
			defaultConfigurationName = Release;
		};
		DB642761262B2DB70021545A /* Build configuration list for PBXNativeTarget "FlickrProject" */ = {
			isa = XCConfigurationList;
			buildConfigurations = (
				DB642762262B2DB70021545A /* Debug */,
				DB642763262B2DB70021545A /* Release */,
			);
			defaultConfigurationIsVisible = 0;
			defaultConfigurationName = Release;
		};
		DB642764262B2DB70021545A /* Build configuration list for PBXNativeTarget "FlickrProjectTests" */ = {
			isa = XCConfigurationList;
			buildConfigurations = (
				DB642765262B2DB70021545A /* Debug */,
				DB642766262B2DB70021545A /* Release */,
			);
			defaultConfigurationIsVisible = 0;
			defaultConfigurationName = Release;
		};
		DB642767262B2DB70021545A /* Build configuration list for PBXNativeTarget "FlickrProjectUITests" */ = {
			isa = XCConfigurationList;
			buildConfigurations = (
				DB642768262B2DB70021545A /* Debug */,
				DB642769262B2DB70021545A /* Release */,
			);
			defaultConfigurationIsVisible = 0;
			defaultConfigurationName = Release;
		};
/* End XCConfigurationList section */

/* Begin XCRemoteSwiftPackageReference section */
		DB642770262B338D0021545A /* XCRemoteSwiftPackageReference "Alamofire" */ = {
			isa = XCRemoteSwiftPackageReference;
			repositoryURL = "https://github.com/Alamofire/Alamofire.git";
			requirement = {
				kind = upToNextMajorVersion;
				minimumVersion = 5.4.2;
			};
		};
/* End XCRemoteSwiftPackageReference section */

/* Begin XCSwiftPackageProductDependency section */
		DB642771262B338D0021545A /* Alamofire */ = {
			isa = XCSwiftPackageProductDependency;
			package = DB642770262B338D0021545A /* XCRemoteSwiftPackageReference "Alamofire" */;
			productName = Alamofire;
		};
/* End XCSwiftPackageProductDependency section */
	};
	rootObject = DB642734262B2DB50021545A /* Project object */;
}
